
Microsoft Visual Studio Solution File, Format Version 12.00
# Visual Studio Version 17
VisualStudioVersion = 17.10.35013.160
MinimumVisualStudioVersion = 10.0.40219.1
Project("{FAE04EC0-301F-11D3-BF4B-00C04F79EFBC}") = "InventoryManagementSystem", "InventoryManagementSystem.csproj", "{7E66C3B0-0195-4587-AFC8-1AB52929CBDF}"
EndProject
Global
	GlobalSection(SolutionConfigurationPlatforms) = preSolution
		Debug|Any CPU = Debug|Any CPU
		Release|Any CPU = Release|Any CPU
	EndGlobalSection
	GlobalSection(ProjectConfigurationPlatforms) = postSolution
		{7E66C3B0-0195-4587-AFC8-1AB52929CBDF}.Debug|Any CPU.ActiveCfg = Debug|Any CPU
		{7E66C3B0-0195-4587-AFC8-1AB52929CBDF}.Debug|Any CPU.Build.0 = Debug|Any CPU
		{7E66C3B0-0195-4587-AFC8-1AB52929CBDF}.Release|Any CPU.ActiveCfg = Release|Any CPU
		{7E66C3B0-0195-4587-AFC8-1AB52929CBDF}.Release|Any CPU.Build.0 = Release|Any CPU
	EndGlobalSection
	GlobalSection(SolutionProperties) = preSolution
		HideSolutionNode = FALSE
	EndGlobalSection
	GlobalSection(ExtensibilityGlobals) = postSolution
		SolutionGuid = {AD9D0A76-E3DC-46D5-99D3-6860568521B9}
	EndGlobalSection
EndGlobal
